PODS:
  - flutter_cef_macos (0.2.0):
    - FlutterMacOS
  - FlutterMacOS (1.0.0)

DEPENDENCIES:
  - flutter_cef_macos (from `Flutter/ephemeral/.symlinks/plugins/flutter_cef_macos/macos`)
  - FlutterMacOS (from `Flutter/ephemeral`)

EXTERNAL SOURCES:
  flutter_cef_macos:
    :path: Flutter/ephemeral/.symlinks/plugins/flutter_cef_macos/macos
  FlutterMacOS:
    :path: Flutter/ephemeral

SPEC CHECKSUMS:
  flutter_cef_macos: be6e86d19a1bf82accd06aa70a2a2d50c85a396d
  FlutterMacOS: d0db08ddef1a9af05a5ec4b724367152bb0500b1

PODFILE CHECKSUM: 130214c885c0473148b7e71510aa805824162a4f

COCOAPODS: 1.16.2
